Microsoft Visual Studio Solution File, Format Version 12.00
# Visual Studio Version 17
VisualStudioVersion = 17.5.2.0
MinimumVisualStudioVersion = 10.0.40219.1
Project("{FAE04EC0-301F-11D3-BF4B-00C04F79EFBC}") = "NutriScan", "NutriScan\NutriScan.csproj", "{5C1B4BF6-C0F3-6E3C-F469-725D1C2A5A18}"
EndProject
Global
	GlobalSection(SolutionConfigurationPlatforms) = preSolution
		Debug|Any CPU = Debug|Any CPU
		Release|Any CPU = Release|Any CPU
	EndGlobalSection
	GlobalSection(ProjectConfigurationPlatforms) = postSolution
		{5C1B4BF6-C0F3-6E3C-F469-725D1C2A5A18}.Debug|Any CPU.ActiveCfg = Debug|Any CPU
		{5C1B4BF6-C0F3-6E3C-F469-725D1C2A5A18}.Debug|Any CPU.Build.0 = Debug|Any CPU
		{5C1B4BF6-C0F3-6E3C-F469-725D1C2A5A18}.Release|Any CPU.ActiveCfg = Release|Any CPU
		{5C1B4BF6-C0F3-6E3C-F469-725D1C2A5A18}.Release|Any CPU.Build.0 = Release|Any CPU
	EndGlobalSection
	GlobalSection(SolutionProperties) = preSolution
		HideSolutionNode = FALSE
	EndGlobalSection
	GlobalSection(ExtensibilityGlobals) = postSolution
		SolutionGuid = {E4B9F2A0-37CD-4942-A34C-244133EAA232}
	EndGlobalSection
EndGlobal
