Microsoft Visual Studio Solution File, Format Version 12.00
# Visual Studio Version 17
VisualStudioVersion = 17.5.2.0
MinimumVisualStudioVersion = 10.0.40219.1
Project("{FAE04EC0-301F-11D3-BF4B-00C04F79EFBC}") = "NutriScan", "NutriScan.csproj", "{A9130359-269E-69E0-EE20-2D82D4D4BE0F}"
EndProject
Global
	GlobalSection(SolutionConfigurationPlatforms) = preSolution
		Debug|Any CPU = Debug|Any CPU
		Release|Any CPU = Release|Any CPU
	EndGlobalSection
	GlobalSection(ProjectConfigurationPlatforms) = postSolution
		{A9130359-269E-69E0-EE20-2D82D4D4BE0F}.Debug|Any CPU.ActiveCfg = Debug|Any CPU
		{A9130359-269E-69E0-EE20-2D82D4D4BE0F}.Debug|Any CPU.Build.0 = Debug|Any CPU
		{A9130359-269E-69E0-EE20-2D82D4D4BE0F}.Release|Any CPU.ActiveCfg = Release|Any CPU
		{A9130359-269E-69E0-EE20-2D82D4D4BE0F}.Release|Any CPU.Build.0 = Release|Any CPU
	EndGlobalSection
	GlobalSection(SolutionProperties) = preSolution
		HideSolutionNode = FALSE
	EndGlobalSection
	GlobalSection(ExtensibilityGlobals) = postSolution
		SolutionGuid = {A6AB8A79-5BB9-4682-97B7-CFD05ADCA0BA}
	EndGlobalSection
EndGlobal
